
Microsoft Visual Studio Solution File, Format Version 12.00
# Visual Studio Version 16
VisualStudioVersion = 16.0.32602.291
MinimumVisualStudioVersion = 10.0.40219.1
Project("{FAE04EC0-301F-11D3-BF4B-00C04F79EFBC}") = "Timer_use", "Timer_use\Timer_use.csproj", "{D511461D-4106-4A2D-9CC3-A3375A6807EF}"
EndProject
Global
	GlobalSection(SolutionConfigurationPlatforms) = preSolution
		Debug|Any CPU = Debug|Any CPU
		Release|Any CPU = Release|Any CPU
	EndGlobalSection
	GlobalSection(ProjectConfigurationPlatforms) = postSolution
		{D511461D-4106-4A2D-9CC3-A3375A6807EF}.Debug|Any CPU.ActiveCfg = Debug|Any CPU
		{D511461D-4106-4A2D-9CC3-A3375A6807EF}.Debug|Any CPU.Build.0 = Debug|Any CPU
		{D511461D-4106-4A2D-9CC3-A3375A6807EF}.Release|Any CPU.ActiveCfg = Release|Any CPU
		{D511461D-4106-4A2D-9CC3-A3375A6807EF}.Release|Any CPU.Build.0 = Release|Any CPU
	EndGlobalSection
	GlobalSection(SolutionProperties) = preSolution
		HideSolutionNode = FALSE
	EndGlobalSection
	GlobalSection(ExtensibilityGlobals) = postSolution
		SolutionGuid = {CB86A8B4-2C48-4D5E-808B-EFD205986EFA}
	EndGlobalSection
EndGlobal
