
Microsoft Visual Studio Solution File, Format Version 12.00
# Visual Studio Version 16
VisualStudioVersion = 16.0.32602.291
MinimumVisualStudioVersion = 10.0.40219.1
Project("{FAE04EC0-301F-11D3-BF4B-00C04F79EFBC}") = "Sinif_first", "Sinif_first\Sinif_first.csproj", "{B388FF61-43B9-41CF-AA88-E4A30ACAE3FF}"
EndProject
Global
	GlobalSection(SolutionConfigurationPlatforms) = preSolution
		Debug|Any CPU = Debug|Any CPU
		Release|Any CPU = Release|Any CPU
	EndGlobalSection
	GlobalSection(ProjectConfigurationPlatforms) = postSolution
		{B388FF61-43B9-41CF-AA88-E4A30ACAE3FF}.Debug|Any CPU.ActiveCfg = Debug|Any CPU
		{B388FF61-43B9-41CF-AA88-E4A30ACAE3FF}.Debug|Any CPU.Build.0 = Debug|Any CPU
		{B388FF61-43B9-41CF-AA88-E4A30ACAE3FF}.Release|Any CPU.ActiveCfg = Release|Any CPU
		{B388FF61-43B9-41CF-AA88-E4A30ACAE3FF}.Release|Any CPU.Build.0 = Release|Any CPU
	EndGlobalSection
	GlobalSection(SolutionProperties) = preSolution
		HideSolutionNode = FALSE
	EndGlobalSection
	GlobalSection(ExtensibilityGlobals) = postSolution
		SolutionGuid = {92060DA9-C529-4757-9D55-706A4A6742E8}
	EndGlobalSection
EndGlobal
