
Microsoft Visual Studio Solution File, Format Version 12.00
# Visual Studio Version 16
VisualStudioVersion = 16.0.32602.291
MinimumVisualStudioVersion = 10.0.40219.1
Project("{FAE04EC0-301F-11D3-BF4B-00C04F79EFBC}") = "MenuStrip_Use", "MenuStrip_Use\MenuStrip_Use.csproj", "{D9B6F019-822C-4047-B493-16E481F8101F}"
EndProject
Global
	GlobalSection(SolutionConfigurationPlatforms) = preSolution
		Debug|Any CPU = Debug|Any CPU
		Release|Any CPU = Release|Any CPU
	EndGlobalSection
	GlobalSection(ProjectConfigurationPlatforms) = postSolution
		{D9B6F019-822C-4047-B493-16E481F8101F}.Debug|Any CPU.ActiveCfg = Debug|Any CPU
		{D9B6F019-822C-4047-B493-16E481F8101F}.Debug|Any CPU.Build.0 = Debug|Any CPU
		{D9B6F019-822C-4047-B493-16E481F8101F}.Release|Any CPU.ActiveCfg = Release|Any CPU
		{D9B6F019-822C-4047-B493-16E481F8101F}.Release|Any CPU.Build.0 = Release|Any CPU
	EndGlobalSection
	GlobalSection(SolutionProperties) = preSolution
		HideSolutionNode = FALSE
	EndGlobalSection
	GlobalSection(ExtensibilityGlobals) = postSolution
		SolutionGuid = {B634EE1C-9C45-4242-BF36-D47236474923}
	EndGlobalSection
EndGlobal
