
Microsoft Visual Studio Solution File, Format Version 12.00
# Visual Studio Version 16
VisualStudioVersion = 16.0.32602.291
MinimumVisualStudioVersion = 10.0.40219.1
Project("{FAE04EC0-301F-11D3-BF4B-00C04F79EFBC}") = "Web_Browser_use", "Web_Browser_use\Web_Browser_use.csproj", "{04FF4313-6D3A-4897-9059-670F4D8EE79F}"
EndProject
Global
	GlobalSection(SolutionConfigurationPlatforms) = preSolution
		Debug|Any CPU = Debug|Any CPU
		Release|Any CPU = Release|Any CPU
	EndGlobalSection
	GlobalSection(ProjectConfigurationPlatforms) = postSolution
		{04FF4313-6D3A-4897-9059-670F4D8EE79F}.Debug|Any CPU.ActiveCfg = Debug|Any CPU
		{04FF4313-6D3A-4897-9059-670F4D8EE79F}.Debug|Any CPU.Build.0 = Debug|Any CPU
		{04FF4313-6D3A-4897-9059-670F4D8EE79F}.Release|Any CPU.ActiveCfg = Release|Any CPU
		{04FF4313-6D3A-4897-9059-670F4D8EE79F}.Release|Any CPU.Build.0 = Release|Any CPU
	EndGlobalSection
	GlobalSection(SolutionProperties) = preSolution
		HideSolutionNode = FALSE
	EndGlobalSection
	GlobalSection(ExtensibilityGlobals) = postSolution
		SolutionGuid = {D38F0095-B192-4776-9585-C6C861E98F1A}
	EndGlobalSection
EndGlobal
