
Microsoft Visual Studio Solution File, Format Version 12.00
# Visual Studio Version 16
VisualStudioVersion = 16.0.32602.291
MinimumVisualStudioVersion = 10.0.40219.1
Project("{FAE04EC0-301F-11D3-BF4B-00C04F79EFBC}") = "Metotlar", "Metotlar\Metotlar.csproj", "{C3C3F612-128D-400D-BA26-CE00CEF80C5C}"
EndProject
Global
	GlobalSection(SolutionConfigurationPlatforms) = preSolution
		Debug|Any CPU = Debug|Any CPU
		Release|Any CPU = Release|Any CPU
	EndGlobalSection
	GlobalSection(ProjectConfigurationPlatforms) = postSolution
		{C3C3F612-128D-400D-BA26-CE00CEF80C5C}.Debug|Any CPU.ActiveCfg = Debug|Any CPU
		{C3C3F612-128D-400D-BA26-CE00CEF80C5C}.Debug|Any CPU.Build.0 = Debug|Any CPU
		{C3C3F612-128D-400D-BA26-CE00CEF80C5C}.Release|Any CPU.ActiveCfg = Release|Any CPU
		{C3C3F612-128D-400D-BA26-CE00CEF80C5C}.Release|Any CPU.Build.0 = Release|Any CPU
	EndGlobalSection
	GlobalSection(SolutionProperties) = preSolution
		HideSolutionNode = FALSE
	EndGlobalSection
	GlobalSection(ExtensibilityGlobals) = postSolution
		SolutionGuid = {83F5AF48-C72C-4261-967E-7A12FC6DEAD5}
	EndGlobalSection
EndGlobal
