
Microsoft Visual Studio Solution File, Format Version 12.00
# Visual Studio Version 16
VisualStudioVersion = 16.0.32602.291
MinimumVisualStudioVersion = 10.0.40219.1
Project("{FAE04EC0-301F-11D3-BF4B-00C04F79EFBC}") = "int_form", "int_form\int_form.csproj", "{760683B7-A039-488B-BF5D-5A5201C6EE84}"
EndProject
Global
	GlobalSection(SolutionConfigurationPlatforms) = preSolution
		Debug|Any CPU = Debug|Any CPU
		Release|Any CPU = Release|Any CPU
	EndGlobalSection
	GlobalSection(ProjectConfigurationPlatforms) = postSolution
		{760683B7-A039-488B-BF5D-5A5201C6EE84}.Debug|Any CPU.ActiveCfg = Debug|Any CPU
		{760683B7-A039-488B-BF5D-5A5201C6EE84}.Debug|Any CPU.Build.0 = Debug|Any CPU
		{760683B7-A039-488B-BF5D-5A5201C6EE84}.Release|Any CPU.ActiveCfg = Release|Any CPU
		{760683B7-A039-488B-BF5D-5A5201C6EE84}.Release|Any CPU.Build.0 = Release|Any CPU
	EndGlobalSection
	GlobalSection(SolutionProperties) = preSolution
		HideSolutionNode = FALSE
	EndGlobalSection
	GlobalSection(ExtensibilityGlobals) = postSolution
		SolutionGuid = {57DC34C2-6467-4F7A-AD49-7562011A3E91}
	EndGlobalSection
EndGlobal
