
Microsoft Visual Studio Solution File, Format Version 12.00
# Visual Studio Version 16
VisualStudioVersion = 16.0.32602.291
MinimumVisualStudioVersion = 10.0.40219.1
Project("{FAE04EC0-301F-11D3-BF4B-00C04F79EFBC}") = "Not_Hesaplama", "Not_Hesaplama\Not_Hesaplama.csproj", "{0624AF4B-4109-46CD-85DA-0A61712E1805}"
EndProject
Global
	GlobalSection(SolutionConfigurationPlatforms) = preSolution
		Debug|Any CPU = Debug|Any CPU
		Release|Any CPU = Release|Any CPU
	EndGlobalSection
	GlobalSection(ProjectConfigurationPlatforms) = postSolution
		{0624AF4B-4109-46CD-85DA-0A61712E1805}.Debug|Any CPU.ActiveCfg = Debug|Any CPU
		{0624AF4B-4109-46CD-85DA-0A61712E1805}.Debug|Any CPU.Build.0 = Debug|Any CPU
		{0624AF4B-4109-46CD-85DA-0A61712E1805}.Release|Any CPU.ActiveCfg = Release|Any CPU
		{0624AF4B-4109-46CD-85DA-0A61712E1805}.Release|Any CPU.Build.0 = Release|Any CPU
	EndGlobalSection
	GlobalSection(SolutionProperties) = preSolution
		HideSolutionNode = FALSE
	EndGlobalSection
	GlobalSection(ExtensibilityGlobals) = postSolution
		SolutionGuid = {2C070144-881A-4D83-A273-BB94A4981C02}
	EndGlobalSection
EndGlobal
