
Microsoft Visual Studio Solution File, Format Version 12.00
# Visual Studio Version 16
VisualStudioVersion = 16.0.32602.291
MinimumVisualStudioVersion = 10.0.40219.1
Project("{FAE04EC0-301F-11D3-BF4B-00C04F79EFBC}") = "second_app", "second_app\second_app.csproj", "{C3956D1F-D985-4276-BBBD-ACB384935DFF}"
EndProject
Global
	GlobalSection(SolutionConfigurationPlatforms) = preSolution
		Debug|Any CPU = Debug|Any CPU
		Release|Any CPU = Release|Any CPU
	EndGlobalSection
	GlobalSection(ProjectConfigurationPlatforms) = postSolution
		{C3956D1F-D985-4276-BBBD-ACB384935DFF}.Debug|Any CPU.ActiveCfg = Debug|Any CPU
		{C3956D1F-D985-4276-BBBD-ACB384935DFF}.Debug|Any CPU.Build.0 = Debug|Any CPU
		{C3956D1F-D985-4276-BBBD-ACB384935DFF}.Release|Any CPU.ActiveCfg = Release|Any CPU
		{C3956D1F-D985-4276-BBBD-ACB384935DFF}.Release|Any CPU.Build.0 = Release|Any CPU
	EndGlobalSection
	GlobalSection(SolutionProperties) = preSolution
		HideSolutionNode = FALSE
	EndGlobalSection
	GlobalSection(ExtensibilityGlobals) = postSolution
		SolutionGuid = {6D9155AA-0CD2-4C95-8D19-4699E715349E}
	EndGlobalSection
EndGlobal
