
Microsoft Visual Studio Solution File, Format Version 12.00
# Visual Studio Version 16
VisualStudioVersion = 16.0.32602.291
MinimumVisualStudioVersion = 10.0.40219.1
Project("{FAE04EC0-301F-11D3-BF4B-00C04F79EFBC}") = "Foreach_", "Foreach_\Foreach_.csproj", "{CEB98CAC-1B63-4016-99C7-0885C7188883}"
EndProject
Global
	GlobalSection(SolutionConfigurationPlatforms) = preSolution
		Debug|Any CPU = Debug|Any CPU
		Release|Any CPU = Release|Any CPU
	EndGlobalSection
	GlobalSection(ProjectConfigurationPlatforms) = postSolution
		{CEB98CAC-1B63-4016-99C7-0885C7188883}.Debug|Any CPU.ActiveCfg = Debug|Any CPU
		{CEB98CAC-1B63-4016-99C7-0885C7188883}.Debug|Any CPU.Build.0 = Debug|Any CPU
		{CEB98CAC-1B63-4016-99C7-0885C7188883}.Release|Any CPU.ActiveCfg = Release|Any CPU
		{CEB98CAC-1B63-4016-99C7-0885C7188883}.Release|Any CPU.Build.0 = Release|Any CPU
	EndGlobalSection
	GlobalSection(SolutionProperties) = preSolution
		HideSolutionNode = FALSE
	EndGlobalSection
	GlobalSection(ExtensibilityGlobals) = postSolution
		SolutionGuid = {26B2EF79-690A-425B-8BE7-5CBBD51EDAE4}
	EndGlobalSection
EndGlobal
