
Microsoft Visual Studio Solution File, Format Version 12.00
# Visual Studio Version 16
VisualStudioVersion = 16.0.32602.291
MinimumVisualStudioVersion = 10.0.40219.1
Project("{FAE04EC0-301F-11D3-BF4B-00C04F79EFBC}") = "Math_function", "Math_function\Math_function.csproj", "{2EBC4DA1-1381-4F91-8D84-0E925AE56690}"
EndProject
Global
	GlobalSection(SolutionConfigurationPlatforms) = preSolution
		Debug|Any CPU = Debug|Any CPU
		Release|Any CPU = Release|Any CPU
	EndGlobalSection
	GlobalSection(ProjectConfigurationPlatforms) = postSolution
		{2EBC4DA1-1381-4F91-8D84-0E925AE56690}.Debug|Any CPU.ActiveCfg = Debug|Any CPU
		{2EBC4DA1-1381-4F91-8D84-0E925AE56690}.Debug|Any CPU.Build.0 = Debug|Any CPU
		{2EBC4DA1-1381-4F91-8D84-0E925AE56690}.Release|Any CPU.ActiveCfg = Release|Any CPU
		{2EBC4DA1-1381-4F91-8D84-0E925AE56690}.Release|Any CPU.Build.0 = Release|Any CPU
	EndGlobalSection
	GlobalSection(SolutionProperties) = preSolution
		HideSolutionNode = FALSE
	EndGlobalSection
	GlobalSection(ExtensibilityGlobals) = postSolution
		SolutionGuid = {4EDBC634-63E8-4021-AF6C-4E2675DC0494}
	EndGlobalSection
EndGlobal
