
Microsoft Visual Studio Solution File, Format Version 12.00
# Visual Studio Version 16
VisualStudioVersion = 16.0.32602.291
MinimumVisualStudioVersion = 10.0.40219.1
Project("{FAE04EC0-301F-11D3-BF4B-00C04F79EFBC}") = "Diziler", "Diziler\Diziler.csproj", "{D170028C-A74D-4254-89EA-06DF80F58AD9}"
EndProject
Global
	GlobalSection(SolutionConfigurationPlatforms) = preSolution
		Debug|Any CPU = Debug|Any CPU
		Release|Any CPU = Release|Any CPU
	EndGlobalSection
	GlobalSection(ProjectConfigurationPlatforms) = postSolution
		{D170028C-A74D-4254-89EA-06DF80F58AD9}.Debug|Any CPU.ActiveCfg = Debug|Any CPU
		{D170028C-A74D-4254-89EA-06DF80F58AD9}.Debug|Any CPU.Build.0 = Debug|Any CPU
		{D170028C-A74D-4254-89EA-06DF80F58AD9}.Release|Any CPU.ActiveCfg = Release|Any CPU
		{D170028C-A74D-4254-89EA-06DF80F58AD9}.Release|Any CPU.Build.0 = Release|Any CPU
	EndGlobalSection
	GlobalSection(SolutionProperties) = preSolution
		HideSolutionNode = FALSE
	EndGlobalSection
	GlobalSection(ExtensibilityGlobals) = postSolution
		SolutionGuid = {DF81DEF8-D0B5-4977-9123-F472A33563BF}
	EndGlobalSection
EndGlobal
