
Microsoft Visual Studio Solution File, Format Version 12.00
# Visual Studio Version 16
VisualStudioVersion = 16.0.32602.291
MinimumVisualStudioVersion = 10.0.40219.1
Project("{FAE04EC0-301F-11D3-BF4B-00C04F79EFBC}") = "uçuş_rezarvasyon", "uçuş_rezarvasyon\uçuş_rezarvasyon.csproj", "{2DFB95C4-2F99-496C-B64D-922E2B4FC082}"
EndProject
Global
	GlobalSection(SolutionConfigurationPlatforms) = preSolution
		Debug|Any CPU = Debug|Any CPU
		Release|Any CPU = Release|Any CPU
	EndGlobalSection
	GlobalSection(ProjectConfigurationPlatforms) = postSolution
		{2DFB95C4-2F99-496C-B64D-922E2B4FC082}.Debug|Any CPU.ActiveCfg = Debug|Any CPU
		{2DFB95C4-2F99-496C-B64D-922E2B4FC082}.Debug|Any CPU.Build.0 = Debug|Any CPU
		{2DFB95C4-2F99-496C-B64D-922E2B4FC082}.Release|Any CPU.ActiveCfg = Release|Any CPU
		{2DFB95C4-2F99-496C-B64D-922E2B4FC082}.Release|Any CPU.Build.0 = Release|Any CPU
	EndGlobalSection
	GlobalSection(SolutionProperties) = preSolution
		HideSolutionNode = FALSE
	EndGlobalSection
	GlobalSection(ExtensibilityGlobals) = postSolution
		SolutionGuid = {B41652E8-7E2A-4FBF-A6AA-31F598C9C258}
	EndGlobalSection
EndGlobal
