
Microsoft Visual Studio Solution File, Format Version 12.00
# Visual Studio Version 16
VisualStudioVersion = 16.0.32602.291
MinimumVisualStudioVersion = 10.0.40219.1
Project("{FAE04EC0-301F-11D3-BF4B-00C04F79EFBC}") = "Maskedtexbox_Picturebox", "Maskedtexbox_Picturebox\Maskedtexbox_Picturebox.csproj", "{C3E8D0A1-7654-4883-A002-A55C2EC2822E}"
EndProject
Global
	GlobalSection(SolutionConfigurationPlatforms) = preSolution
		Debug|Any CPU = Debug|Any CPU
		Release|Any CPU = Release|Any CPU
	EndGlobalSection
	GlobalSection(ProjectConfigurationPlatforms) = postSolution
		{C3E8D0A1-7654-4883-A002-A55C2EC2822E}.Debug|Any CPU.ActiveCfg = Debug|Any CPU
		{C3E8D0A1-7654-4883-A002-A55C2EC2822E}.Debug|Any CPU.Build.0 = Debug|Any CPU
		{C3E8D0A1-7654-4883-A002-A55C2EC2822E}.Release|Any CPU.ActiveCfg = Release|Any CPU
		{C3E8D0A1-7654-4883-A002-A55C2EC2822E}.Release|Any CPU.Build.0 = Release|Any CPU
	EndGlobalSection
	GlobalSection(SolutionProperties) = preSolution
		HideSolutionNode = FALSE
	EndGlobalSection
	GlobalSection(ExtensibilityGlobals) = postSolution
		SolutionGuid = {C8EDC748-A5FB-44C1-935F-54AED4BB39E1}
	EndGlobalSection
EndGlobal
