
Microsoft Visual Studio Solution File, Format Version 12.00
# Visual Studio Version 16
VisualStudioVersion = 16.0.32602.291
MinimumVisualStudioVersion = 10.0.40219.1
Project("{FAE04EC0-301F-11D3-BF4B-00C04F79EFBC}") = "Personel_Kayit_Sistemi", "Personel_Kayit_Sistemi\Personel_Kayit_Sistemi.csproj", "{4D2E9ED8-0C90-47FB-B75C-2BFFBE71AF0A}"
EndProject
Global
	GlobalSection(SolutionConfigurationPlatforms) = preSolution
		Debug|Any CPU = Debug|Any CPU
		Release|Any CPU = Release|Any CPU
	EndGlobalSection
	GlobalSection(ProjectConfigurationPlatforms) = postSolution
		{4D2E9ED8-0C90-47FB-B75C-2BFFBE71AF0A}.Debug|Any CPU.ActiveCfg = Debug|Any CPU
		{4D2E9ED8-0C90-47FB-B75C-2BFFBE71AF0A}.Debug|Any CPU.Build.0 = Debug|Any CPU
		{4D2E9ED8-0C90-47FB-B75C-2BFFBE71AF0A}.Release|Any CPU.ActiveCfg = Release|Any CPU
		{4D2E9ED8-0C90-47FB-B75C-2BFFBE71AF0A}.Release|Any CPU.Build.0 = Release|Any CPU
	EndGlobalSection
	GlobalSection(SolutionProperties) = preSolution
		HideSolutionNode = FALSE
	EndGlobalSection
	GlobalSection(ExtensibilityGlobals) = postSolution
		SolutionGuid = {D71AA908-CEC5-419A-BAB4-BB8E9E74747B}
	EndGlobalSection
EndGlobal
